
Microsoft Visual Studio Solution File, Format Version 12.00
# Visual Studio Version 17
VisualStudioVersion = 17.14.36310.24
MinimumVisualStudioVersion = 10.0.40219.1
Project("{FAE04EC0-301F-11D3-BF4B-00C04F79EFBC}") = "SOLIDMissingNumber", "SOLIDMissingNumber\SOLIDMissingNumber.csproj", "{7C6D6D7F-E5AB-4E9E-A97A-0D2998058EC2}"
EndProject
Project("{2150E333-8FDC-42A3-9474-1A3956D46DE8}") = "src", "src", "{02EA681E-C7D8-13C7-8484-4AC65E1B71E8}"
EndProject
Project("{2150E333-8FDC-42A3-9474-1A3956D46DE8}") = "tests", "tests", "{6A8621F3-98B0-4D03-88A7-C8D764ECA486}"
EndProject
Project("{FAE04EC0-301F-11D3-BF4B-00C04F79EFBC}") = "SOLIDMissingNumber.Tests", "SOLIDMissingNumber.Tests\SOLIDMissingNumber.Tests.csproj", "{99DD48F1-F686-4617-89B1-A1731B40FE65}"
EndProject
Project("{2150E333-8FDC-42A3-9474-1A3956D46DE8}") = "docs", "docs", "{FEE240C2-03BD-4801-8822-40A1C2F1718E}"
	ProjectSection(SolutionItems) = preProject
		README.md = README.md
	EndProjectSection
EndProject
Global
	GlobalSection(SolutionConfigurationPlatforms) = preSolution
		Debug|Any CPU = Debug|Any CPU
		Release|Any CPU = Release|Any CPU
	EndGlobalSection
	GlobalSection(ProjectConfigurationPlatforms) = postSolution
		{7C6D6D7F-E5AB-4E9E-A97A-0D2998058EC2}.Debug|Any CPU.ActiveCfg = Debug|Any CPU
		{7C6D6D7F-E5AB-4E9E-A97A-0D2998058EC2}.Debug|Any CPU.Build.0 = Debug|Any CPU
		{7C6D6D7F-E5AB-4E9E-A97A-0D2998058EC2}.Release|Any CPU.ActiveCfg = Release|Any CPU
		{7C6D6D7F-E5AB-4E9E-A97A-0D2998058EC2}.Release|Any CPU.Build.0 = Release|Any CPU
		{99DD48F1-F686-4617-89B1-A1731B40FE65}.Debug|Any CPU.ActiveCfg = Debug|Any CPU
		{99DD48F1-F686-4617-89B1-A1731B40FE65}.Debug|Any CPU.Build.0 = Debug|Any CPU
		{99DD48F1-F686-4617-89B1-A1731B40FE65}.Release|Any CPU.ActiveCfg = Release|Any CPU
		{99DD48F1-F686-4617-89B1-A1731B40FE65}.Release|Any CPU.Build.0 = Release|Any CPU
	EndGlobalSection
	GlobalSection(SolutionProperties) = preSolution
		HideSolutionNode = FALSE
	EndGlobalSection
	GlobalSection(NestedProjects) = preSolution
		{7C6D6D7F-E5AB-4E9E-A97A-0D2998058EC2} = {02EA681E-C7D8-13C7-8484-4AC65E1B71E8}
		{99DD48F1-F686-4617-89B1-A1731B40FE65} = {6A8621F3-98B0-4D03-88A7-C8D764ECA486}
	EndGlobalSection
	GlobalSection(ExtensibilityGlobals) = postSolution
		SolutionGuid = {5504B7EC-C406-4AB6-9BF0-5D6FA0724B66}
	EndGlobalSection
EndGlobal
